# THIS IS AN AUTOGENERATED FILE. DO NOT EDIT THIS FILE DIRECTLY.
# yarn lockfile v1


"@ovos-media/ts-transform-paths@1.7.18-1":
  version "1.7.18-1"
  resolved "https://registry.yarnpkg.com/@ovos-media/ts-transform-paths/-/ts-transform-paths-1.7.18-1.tgz#654f777e9f54fe50b920639654790adc317ad49f"
  integrity sha512-5uYtraYSWg1klaMYus3ouCOUUNzcI40pS0NCaw0PhoaPTimVfT3MV061ZLYR/4F14THqyofMjmCNcHgFrBX3AA==
  dependencies:
    "@zerollup/ts-helpers" "^1.7.18"

"@types/node@^18.15.11":
  version "18.15.11"
  resolved "https://registry.yarnpkg.com/@types/node/-/node-18.15.11.tgz#b3b790f09cb1696cffcec605de025b088fa4225f"
  integrity sha512-E5Kwq2n4SbMzQOn6wnmBjuK9ouqlURrcZDVfbo9ftDDTFt3nk7ZKK4GMOzoYgnpQJKcxwQw+lGaBvvlMo0qN/Q==

"@voiceflow/tsconfig@^1.4.8":
  version "1.4.8"
  resolved "https://registry.yarnpkg.com/@voiceflow/tsconfig/-/tsconfig-1.4.8.tgz#02c833721978be6ab711b3697b785bd74d59ac6f"
  integrity sha512-gcuJNGm5qL2OJn1BVinMWTDUiZlRlSssns3Yur52uPxzKXoEuv6FJbtBErON1g/20n4Rt1epDCMY8nCbbkvn6g==
  dependencies:
    "@ovos-media/ts-transform-paths" "1.7.18-1"
    "@zerollup/ts-transform-paths" "1.7.18"

"@zerollup/ts-helpers@^1.7.18":
  version "1.7.18"
  resolved "https://registry.yarnpkg.com/@zerollup/ts-helpers/-/ts-helpers-1.7.18.tgz#747177f6d5abc06c3a0f5dffe7362d365cf0391d"
  integrity sha512-S9zN+y+i5yN/evfWquzSO3lubqPXIsPQf6p9OiPMpRxDx/0totPLF39XoRw48Dav5dSvbIE8D2eAPpXXJxvKwg==
  dependencies:
    resolve "^1.12.0"

"@zerollup/ts-transform-paths@1.7.18":
  version "1.7.18"
  resolved "https://registry.yarnpkg.com/@zerollup/ts-transform-paths/-/ts-transform-paths-1.7.18.tgz#72f705c66690879e51d53c73dc76c4e2518a8c50"
  integrity sha512-YPVUxvWQVzRx1OBN0Pmkd58+R9FcfUJuwTaPUSoi5rKxuXMtxevTXdfi0w5mEaIH8b0DfL+wg0wFDHiJE+S2zA==
  dependencies:
    "@zerollup/ts-helpers" "^1.7.18"

function-bind@^1.1.1:
  version "1.1.1"
  resolved "https://registry.yarnpkg.com/function-bind/-/function-bind-1.1.1.tgz#a56899d3ea3c9bab874bb9773b7c5ede92f4895d"
  integrity sha512-yIovAzMX49sF8Yl58fSCWJ5svSLuaibPxXQJFLmBObTuCr0Mf1KiPopGM9NiFjiYBCbfaa2Fh6breQ6ANVTI0A==

has@^1.0.3:
  version "1.0.3"
  resolved "https://registry.yarnpkg.com/has/-/has-1.0.3.tgz#722d7cbfc1f6aa8241f16dd814e011e1f41e8796"
  integrity sha512-f2dvO0VU6Oej7RkWJGrehjbzMAjFp5/VKPp5tTpWIV4JHHZK1/BxbFRtf/siA2SWTe09caDmVtYYzWEIbBS4zw==
  dependencies:
    function-bind "^1.1.1"

is-core-module@^2.9.0:
  version "2.11.0"
  resolved "https://registry.yarnpkg.com/is-core-module/-/is-core-module-2.11.0.tgz#ad4cb3e3863e814523c96f3f58d26cc570ff0144"
  integrity sha512-RRjxlvLDkD1YJwDbroBHMb+cukurkDWNyHx7D3oNB5x9rb5ogcksMC5wHCadcXoo67gVr/+3GFySh3134zi6rw==
  dependencies:
    has "^1.0.3"

path-parse@^1.0.7:
  version "1.0.7"
  resolved "https://registry.yarnpkg.com/path-parse/-/path-parse-1.0.7.tgz#fbc114b60ca42b30d9daf5858e4bd68bbedb6735"
  integrity sha512-LDJzPVEEEPR+y48z93A0Ed0yXb8pAByGWo/k5YYdYgpY2/2EsOsksJrq7lOHxryrVOn1ejG6oAp8ahvOIQD8sw==

resolve@^1.12.0:
  version "1.22.1"
  resolved "https://registry.yarnpkg.com/resolve/-/resolve-1.22.1.tgz#27cb2ebb53f91abb49470a928bba7558066ac177"
  integrity sha512-nBpuuYuY5jFsli/JIs1oldw6fOQCBioohqWZg/2hiaOybXOft4lonv85uDOKXdf8rhyK159cxU5cDcK/NKk8zw==
  dependencies:
    is-core-module "^2.9.0"
    path-parse "^1.0.7"
    supports-preserve-symlinks-flag "^1.0.0"

supports-preserve-symlinks-flag@^1.0.0:
  version "1.0.0"
  resolved "https://registry.yarnpkg.com/supports-preserve-symlinks-flag/-/supports-preserve-symlinks-flag-1.0.0.tgz#6eda4bd344a3c94aea376d4cc31bc77311039e09"
  integrity sha512-ot0WnXS9fgdkgIcePe6RHNk1WA8+muPa6cSjeR3V8K27q9BB1rTE3R1p7Hv0z1ZyAc8s6Vvv8DIyWf681MAt0w==

typescript@^5.0.3:
  version "5.0.3"
  resolved "https://registry.yarnpkg.com/typescript/-/typescript-5.0.3.tgz#fe976f0c826a88d0a382007681cbb2da44afdedf"
  integrity sha512-xv8mOEDnigb/tN9PSMTwSEqAnUvkoXMQlicOb0IUVDBSQCgBSaAAROUZYy2IcUy5qU6XajK5jjjO7TMWqBTKZA==
